
Microsoft Visual Studio Solution File, Format Version 12.00
Project("{FAE04EC0-301F-11D3-BF4B-00C04F79EFBC}") = "Library.API", "Library.API\Library.API.csproj", "{090C43B4-AB6A-4EAC-B585-3A2AE2FE20EA}"
EndProject
Project("{FAE04EC0-301F-11D3-BF4B-00C04F79EFBC}") = "Library.API.Test", "Library.API.Test\Library.API.Test.csproj", "{FB7B6E8A-A3C4-48ED-9E2A-703E2F19753B}"
EndProject
Project("{2150E333-8FDC-42A3-9474-1A3956D46DE8}") = "0. Share", "0. Share", "{1D29F34F-6FDF-471C-862C-E6F19F4ABFE2}"
EndProject
Project("{2150E333-8FDC-42A3-9474-1A3956D46DE8}") = "1. Data", "1. Data", "{BEEAA8E9-F035-424D-8013-01014B618083}"
EndProject
Project("{2150E333-8FDC-42A3-9474-1A3956D46DE8}") = "2. Services", "2. Services", "{64C311F8-0FCA-4B2A-A954-B40667B23EFA}"
EndProject
Project("{FAE04EC0-301F-11D3-BF4B-00C04F79EFBC}") = "Library.Data", "Library.Data\Library.Data.csproj", "{31AE364C-FC34-491F-BEC1-1A428BBAC4BE}"
EndProject
Project("{FAE04EC0-301F-11D3-BF4B-00C04F79EFBC}") = "Library.Data.Repositories", "Library.Data.Repositories\Library.Data.Repositories.csproj", "{FD387324-8EF7-4713-9BDD-1B3DAC262A27}"
EndProject
Project("{FAE04EC0-301F-11D3-BF4B-00C04F79EFBC}") = "Library.Services", "Library.Services\Library.Services.csproj", "{D2513C66-24AC-4B7B-BC82-6C2426B01A39}"
EndProject
Project("{FAE04EC0-301F-11D3-BF4B-00C04F79EFBC}") = "Library.Configs", "Library.Configs\Library.Configs.csproj", "{8D75BA90-8DD3-4F9E-8E42-4D3EF8A5B779}"
EndProject
Project("{FAE04EC0-301F-11D3-BF4B-00C04F79EFBC}") = "Library.Exceptions", "Library.Exceptions\Library.Exceptions.csproj", "{41B0F267-BA2B-4055-A38B-C484BD3CBFAB}"
EndProject
Project("{FAE04EC0-301F-11D3-BF4B-00C04F79EFBC}") = "RAIT.Core", "..\RAIT\RAIT.Core\RAIT.Core.csproj", "{0D94E766-EDB0-46B3-A9DB-8D3C4535CFB2}"
EndProject
Project("{FAE04EC0-301F-11D3-BF4B-00C04F79EFBC}") = "Library.Utils", "Library.Utils\Library.Utils.csproj", "{23E8E329-9C51-4195-9C69-8068BB526D12}"
EndProject
Project("{FAE04EC0-301F-11D3-BF4B-00C04F79EFBC}") = "Library.Services.Image", "Library.Services.Image\Library.Services.Image.csproj", "{4FB87B4C-B282-4225-B3A2-BE8403167EB8}"
EndProject
Global
	GlobalSection(SolutionConfigurationPlatforms) = preSolution
		Debug|Any CPU = Debug|Any CPU
		Release|Any CPU = Release|Any CPU
	EndGlobalSection
	GlobalSection(ProjectConfigurationPlatforms) = postSolution
		{090C43B4-AB6A-4EAC-B585-3A2AE2FE20EA}.Debug|Any CPU.ActiveCfg = Debug|Any CPU
		{090C43B4-AB6A-4EAC-B585-3A2AE2FE20EA}.Debug|Any CPU.Build.0 = Debug|Any CPU
		{090C43B4-AB6A-4EAC-B585-3A2AE2FE20EA}.Release|Any CPU.ActiveCfg = Release|Any CPU
		{090C43B4-AB6A-4EAC-B585-3A2AE2FE20EA}.Release|Any CPU.Build.0 = Release|Any CPU
		{FB7B6E8A-A3C4-48ED-9E2A-703E2F19753B}.Debug|Any CPU.ActiveCfg = Debug|Any CPU
		{FB7B6E8A-A3C4-48ED-9E2A-703E2F19753B}.Debug|Any CPU.Build.0 = Debug|Any CPU
		{FB7B6E8A-A3C4-48ED-9E2A-703E2F19753B}.Release|Any CPU.ActiveCfg = Release|Any CPU
		{FB7B6E8A-A3C4-48ED-9E2A-703E2F19753B}.Release|Any CPU.Build.0 = Release|Any CPU
		{31AE364C-FC34-491F-BEC1-1A428BBAC4BE}.Debug|Any CPU.ActiveCfg = Debug|Any CPU
		{31AE364C-FC34-491F-BEC1-1A428BBAC4BE}.Debug|Any CPU.Build.0 = Debug|Any CPU
		{31AE364C-FC34-491F-BEC1-1A428BBAC4BE}.Release|Any CPU.ActiveCfg = Release|Any CPU
		{31AE364C-FC34-491F-BEC1-1A428BBAC4BE}.Release|Any CPU.Build.0 = Release|Any CPU
		{FD387324-8EF7-4713-9BDD-1B3DAC262A27}.Debug|Any CPU.ActiveCfg = Debug|Any CPU
		{FD387324-8EF7-4713-9BDD-1B3DAC262A27}.Debug|Any CPU.Build.0 = Debug|Any CPU
		{FD387324-8EF7-4713-9BDD-1B3DAC262A27}.Release|Any CPU.ActiveCfg = Release|Any CPU
		{FD387324-8EF7-4713-9BDD-1B3DAC262A27}.Release|Any CPU.Build.0 = Release|Any CPU
		{D2513C66-24AC-4B7B-BC82-6C2426B01A39}.Debug|Any CPU.ActiveCfg = Debug|Any CPU
		{D2513C66-24AC-4B7B-BC82-6C2426B01A39}.Debug|Any CPU.Build.0 = Debug|Any CPU
		{D2513C66-24AC-4B7B-BC82-6C2426B01A39}.Release|Any CPU.ActiveCfg = Release|Any CPU
		{D2513C66-24AC-4B7B-BC82-6C2426B01A39}.Release|Any CPU.Build.0 = Release|Any CPU
		{8D75BA90-8DD3-4F9E-8E42-4D3EF8A5B779}.Debug|Any CPU.ActiveCfg = Debug|Any CPU
		{8D75BA90-8DD3-4F9E-8E42-4D3EF8A5B779}.Debug|Any CPU.Build.0 = Debug|Any CPU
		{8D75BA90-8DD3-4F9E-8E42-4D3EF8A5B779}.Release|Any CPU.ActiveCfg = Release|Any CPU
		{8D75BA90-8DD3-4F9E-8E42-4D3EF8A5B779}.Release|Any CPU.Build.0 = Release|Any CPU
		{41B0F267-BA2B-4055-A38B-C484BD3CBFAB}.Debug|Any CPU.ActiveCfg = Debug|Any CPU
		{41B0F267-BA2B-4055-A38B-C484BD3CBFAB}.Debug|Any CPU.Build.0 = Debug|Any CPU
		{41B0F267-BA2B-4055-A38B-C484BD3CBFAB}.Release|Any CPU.ActiveCfg = Release|Any CPU
		{41B0F267-BA2B-4055-A38B-C484BD3CBFAB}.Release|Any CPU.Build.0 = Release|Any CPU
		{0D94E766-EDB0-46B3-A9DB-8D3C4535CFB2}.Debug|Any CPU.ActiveCfg = Debug|Any CPU
		{0D94E766-EDB0-46B3-A9DB-8D3C4535CFB2}.Debug|Any CPU.Build.0 = Debug|Any CPU
		{0D94E766-EDB0-46B3-A9DB-8D3C4535CFB2}.Release|Any CPU.ActiveCfg = Release|Any CPU
		{0D94E766-EDB0-46B3-A9DB-8D3C4535CFB2}.Release|Any CPU.Build.0 = Release|Any CPU
		{23E8E329-9C51-4195-9C69-8068BB526D12}.Debug|Any CPU.ActiveCfg = Debug|Any CPU
		{23E8E329-9C51-4195-9C69-8068BB526D12}.Debug|Any CPU.Build.0 = Debug|Any CPU
		{23E8E329-9C51-4195-9C69-8068BB526D12}.Release|Any CPU.ActiveCfg = Release|Any CPU
		{23E8E329-9C51-4195-9C69-8068BB526D12}.Release|Any CPU.Build.0 = Release|Any CPU
		{4FB87B4C-B282-4225-B3A2-BE8403167EB8}.Debug|Any CPU.ActiveCfg = Debug|Any CPU
		{4FB87B4C-B282-4225-B3A2-BE8403167EB8}.Debug|Any CPU.Build.0 = Debug|Any CPU
		{4FB87B4C-B282-4225-B3A2-BE8403167EB8}.Release|Any CPU.ActiveCfg = Release|Any CPU
		{4FB87B4C-B282-4225-B3A2-BE8403167EB8}.Release|Any CPU.Build.0 = Release|Any CPU
	EndGlobalSection
	GlobalSection(NestedProjects) = preSolution
		{31AE364C-FC34-491F-BEC1-1A428BBAC4BE} = {BEEAA8E9-F035-424D-8013-01014B618083}
		{FD387324-8EF7-4713-9BDD-1B3DAC262A27} = {BEEAA8E9-F035-424D-8013-01014B618083}
		{D2513C66-24AC-4B7B-BC82-6C2426B01A39} = {64C311F8-0FCA-4B2A-A954-B40667B23EFA}
		{8D75BA90-8DD3-4F9E-8E42-4D3EF8A5B779} = {1D29F34F-6FDF-471C-862C-E6F19F4ABFE2}
		{41B0F267-BA2B-4055-A38B-C484BD3CBFAB} = {1D29F34F-6FDF-471C-862C-E6F19F4ABFE2}
		{23E8E329-9C51-4195-9C69-8068BB526D12} = {1D29F34F-6FDF-471C-862C-E6F19F4ABFE2}
		{4FB87B4C-B282-4225-B3A2-BE8403167EB8} = {64C311F8-0FCA-4B2A-A954-B40667B23EFA}
	EndGlobalSection
EndGlobal
